github.com/jftuga/geodist v1.0.0 h1:PFPQlZtj10u8ETAYTyxE0DWMl1bwA+Xzrqb4+oLkkC0=
github.com/jftuga/geodist v1.0.0/go.mod h1:BohEDxpZ8S5ADAxW/9EKPSKWOVl0+3wHENIT40m4UO4=
github.com/waxdred/go-i2c-oled v1.0.1 h1:viFpEXdyzyNHscgmgsmHEACSzSkeM0y+Fl22DlQMrUw=
github.com/waxdred/go-i2c-oled v1.0.1/go.mod h1:EDvl5zP/km9wRofVhsaD/ojaRaXmsr+ul9vlDdF9Bo4=
golang.org/x/image v0.32.0 h1:6lZQWq75h7L5IWNk0r+SCpUJ6tUVd3v4ZHnbRKLkUDQ=
golang.org/x/image v0.32.0/go.mod h1:/R37rrQmKXtO6tYXAjtDLwQgFLHmhW+V6ayXlxzP2Pc=
golang.org/x/image v0.35.0 h1:LKjiHdgMtO8z7Fh18nGY6KDcoEtVfsgLDPeLyguqb7I=
golang.org/x/image v0.35.0/go.mod h1:MwPLTVgvxSASsxdLzKrl8BRFuyqMyGhLwmC+TO1Sybk=
golang.org/x/text v0.30.0 h1:yznKA/E9zq54KzlzBEAWn1NXSQ8DIp/NYMy88xJjl4k=
golang.org/x/text v0.30.0/go.mod h1:yDdHFIX9t+tORqspjENWgzaCVXgk0yYnYuSZ8UzzBVM=
golang.org/x/text v0.33.0 h1:B3njUFyqtHDUI5jMn1YIr5B0IE2U0qck04r6d4KPAxE=
golang.org/x/text v0.33.0/go.mod h1:LuMebE6+rBincTi9+xWTY8TztLzKHc/9C1uBCG27+q8=
